PODS:
  - Components (0.1.9.6)
  - PWManager/normal (16.0.0)
  - PWManager/OOG104 (16.0.0):
    - PWManager/OOG104/sample001 (= 16.0.0)
    - PWManager/OOG104/sample002 (= 16.0.0)
  - PWManager/OOG104/sample001 (16.0.0):
    - Components (~> 0.1.0)
    - SnapKit
  - PWManager/OOG104/sample002 (16.0.0):
    - Components (~> 0.1.0)
    - SnapKit
  - SnapKit (5.6.0)

DEPENDENCIES:
  - PWManager/normal (from `../`)
  - PWManager/OOG104 (from `../`)

SPEC REPOS:
  https://github.com/CocoaPods/Specs.git:
    - SnapKit
  https://github.com/retro-labs/specs-ios-swift.git:
    - Components

EXTERNAL SOURCES:
  PWManager:
    :path: "../"

SPEC CHECKSUMS:
  Components: 078249ee839bbd2d72869049c007419c3114d023
  PWManager: 7e1b74448e9c4cbe9223e6d547970f7a6b9b3079
  SnapKit: e01d52ebb8ddbc333eefe2132acf85c8227d9c25

PODFILE CHECKSUM: a615e3626aaf92b51196b0ff11dd25a20c6ff843

COCOAPODS: 1.11.3
