PODS:
  - PWManager/normal (12.0.0)
  - PWManager/template (12.0.0):
    - SnapKit
  - PWManager/u8enjsbh (12.0.0):
    - SnapKit
  - SnapKit (5.6.0)

DEPENDENCIES:
  - PWManager/normal (from `../`)
  - PWManager/template (from `../`)
  - PWManager/u8enjsbh (from `../`)

SPEC REPOS:
  https://github.com/CocoaPods/Specs.git:
    - SnapKit

EXTERNAL SOURCES:
  PWManager:
    :path: "../"

SPEC CHECKSUMS:
  PWManager: 21df25e2831bbc0455b14f0057dc0397fd6fa9da
  SnapKit: e01d52ebb8ddbc333eefe2132acf85c8227d9c25

PODFILE CHECKSUM: cc7211bc506de61f8c89746e9d30d92c9df29eef

COCOAPODS: 1.11.3
